// !$*UTF8*$!
{
	archiveVersion = 1;
	classes = {
	};
	objectVersion = 46;
	objects = {

/* Begin PBXBuildFile section */
		36314D411F9F72A400C91A57 /* testVC.swift in Sources */ = {isa = PBXBuildFile; fileRef = 36314D401F9F72A400C91A57 /* testVC.swift */; };
		36314D431F9F73FA00C91A57 /* TestTVCell.swift in Sources */ = {isa = PBXBuildFile; fileRef = 36314D421F9F73FA00C91A57 /* TestTVCell.swift */; };
		36314D451F9F78C100C91A57 /* Test1TVC.swift in Sources */ = {isa = PBXBuildFile; fileRef = 36314D441F9F78C100C91A57 /* Test1TVC.swift */; };
		36314D471F9F78D200C91A57 /* test1VC.swift in Sources */ = {isa = PBXBuildFile; fileRef = 36314D461F9F78D200C91A57 /* test1VC.swift */; };
		672E505D1F88D40300AC3D52 /* SignUpViewController.swift in Sources */ = {isa = PBXBuildFile; fileRef = 672E505C1F88D40300AC3D52 /* SignUpViewController.swift */; };
		673AB3CB1F87AEC4008BAB48 /* LoginViewController.swift in Sources */ = {isa = PBXBuildFile; fileRef = 673AB3CA1F87AEC4008BAB48 /* LoginViewController.swift */; };
		678F30A91F88D955002F3CA3 /* GoogleService-Info.plist in Resources */ = {isa = PBXBuildFile; fileRef = 678F30A81F88D955002F3CA3 /* GoogleService-Info.plist */; };
		67BAB9E31F875EE4008767B7 /* AppDelegate.swift in Sources */ = {isa = PBXBuildFile; fileRef = 67BAB9E21F875EE4008767B7 /* AppDelegate.swift */; };
		67BAB9E51F875EE4008767B7 /* ViewController.swift in Sources */ = {isa = PBXBuildFile; fileRef = 67BAB9E41F875EE4008767B7 /* ViewController.swift */; };
		67BAB9E81F875EE4008767B7 /* Main.storyboard in Resources */ = {isa = PBXBuildFile; fileRef = 67BAB9E61F875EE4008767B7 /* Main.storyboard */; };
		67BAB9EA1F875EE4008767B7 /* Assets.xcassets in Resources */ = {isa = PBXBuildFile; fileRef = 67BAB9E91F875EE4008767B7 /* Assets.xcassets */; };
		67BAB9ED1F875EE4008767B7 /* LaunchScreen.storyboard in Resources */ = {isa = PBXBuildFile; fileRef = 67BAB9EB1F875EE4008767B7 /* LaunchScreen.storyboard */; };
		67BAB9F51F876210008767B7 /* SplashController.swift in Sources */ = {isa = PBXBuildFile; fileRef = 67BAB9F41F876210008767B7 /* SplashController.swift */; };
		67BEEBE91F94D34B00EBAEA6 /* Constants.swift in Sources */ = {isa = PBXBuildFile; fileRef = 67BEEBE81F94D34B00EBAEA6 /* Constants.swift */; };
		67E2C05F1F94934000C25566 /* Functions.swift in Sources */ = {isa = PBXBuildFile; fileRef = 67E2C05E1F94934000C25566 /* Functions.swift */; };
		67E2C0611F94989600C25566 /* ProfileViewController.swift in Sources */ = {isa = PBXBuildFile; fileRef = 67E2C0601F94989600C25566 /* ProfileViewController.swift */; };
		B3AA34A2777749BE0B0E4EB5 /* Pods_Bridge.framework in Frameworks */ = {isa = PBXBuildFile; fileRef = 3247C7D6F9474E390DA6AFDA /* Pods_Bridge.framework */; };
/* End PBXBuildFile section */

/* Begin PBXFileReference section */
		3247C7D6F9474E390DA6AFDA /* Pods_Bridge.framework */ = {isa = PBXFileReference; explicitFileType = wrapper.framework; includeInIndex = 0; path = Pods_Bridge.framework; sourceTree = BUILT_PRODUCTS_DIR; };
		36314D401F9F72A400C91A57 /* testVC.swift */ = {isa = PBXFileReference; lastKnownFileType = sourcecode.swift; path = testVC.swift; sourceTree = "<group>"; };
		36314D421F9F73FA00C91A57 /* TestTVCell.swift */ = {isa = PBXFileReference; lastKnownFileType = sourcecode.swift; path = TestTVCell.swift; sourceTree = "<group>"; };
		36314D441F9F78C100C91A57 /* Test1TVC.swift */ = {isa = PBXFileReference; lastKnownFileType = sourcecode.swift; path = Test1TVC.swift; sourceTree = "<group>"; };
		36314D461F9F78D200C91A57 /* test1VC.swift */ = {isa = PBXFileReference; lastKnownFileType = sourcecode.swift; path = test1VC.swift; sourceTree = "<group>"; };
		672E505C1F88D40300AC3D52 /* SignUpViewController.swift */ = {isa = PBXFileReference; fileEncoding = 4; lastKnownFileType = sourcecode.swift; path = SignUpViewController.swift; sourceTree = "<group>"; };
		673AB3CA1F87AEC4008BAB48 /* LoginViewController.swift */ = {isa = PBXFileReference; fileEncoding = 4; lastKnownFileType = sourcecode.swift; path = LoginViewController.swift; sourceTree = "<group>"; };
		678F30A81F88D955002F3CA3 /* GoogleService-Info.plist */ = {isa = PBXFileReference; fileEncoding = 4; lastKnownFileType = text.plist.xml; path = "GoogleService-Info.plist"; sourceTree = "<group>"; };
		67BAB9DF1F875EE4008767B7 /* Bridge.app */ = {isa = PBXFileReference; explicitFileType = wrapper.application; includeInIndex = 0; path = Bridge.app; sourceTree = BUILT_PRODUCTS_DIR; };
		67BAB9E21F875EE4008767B7 /* AppDelegate.swift */ = {isa = PBXFileReference; lastKnownFileType = sourcecode.swift; path = AppDelegate.swift; sourceTree = "<group>"; };
		67BAB9E41F875EE4008767B7 /* ViewController.swift */ = {isa = PBXFileReference; lastKnownFileType = sourcecode.swift; path = ViewController.swift; sourceTree = "<group>"; };
		67BAB9E71F875EE4008767B7 /* Base */ = {isa = PBXFileReference; lastKnownFileType = file.storyboard; name = Base; path = Base.lproj/Main.storyboard; sourceTree = "<group>"; };
		67BAB9E91F875EE4008767B7 /* Assets.xcassets */ = {isa = PBXFileReference; lastKnownFileType = folder.assetcatalog; path = Assets.xcassets; sourceTree = "<group>"; };
		67BAB9EC1F875EE4008767B7 /* Base */ = {isa = PBXFileReference; lastKnownFileType = file.storyboard; name = Base; path = Base.lproj/LaunchScreen.storyboard; sourceTree = "<group>"; };
		67BAB9EE1F875EE4008767B7 /* Info.plist */ = {isa = PBXFileReference; lastKnownFileType = text.plist.xml; path = Info.plist; sourceTree = "<group>"; };
		67BAB9F41F876210008767B7 /* SplashController.swift */ = {isa = PBXFileReference; fileEncoding = 4; lastKnownFileType = sourcecode.swift; path = SplashController.swift; sourceTree = "<group>"; };
		67BEEBE81F94D34B00EBAEA6 /* Constants.swift */ = {isa = PBXFileReference; fileEncoding = 4; lastKnownFileType = sourcecode.swift; path = Constants.swift; sourceTree = "<group>"; };
		67E2C05E1F94934000C25566 /* Functions.swift */ = {isa = PBXFileReference; fileEncoding = 4; lastKnownFileType = sourcecode.swift; path = Functions.swift; sourceTree = "<group>"; };
		67E2C0601F94989600C25566 /* ProfileViewController.swift */ = {isa = PBXFileReference; fileEncoding = 4; lastKnownFileType = sourcecode.swift; path = ProfileViewController.swift; sourceTree = "<group>"; };
		6ED01773D79A70A22CD68887 /* Pods-Bridge.release.xcconfig */ = {isa = PBXFileReference; includeInIndex = 1; lastKnownFileType = text.xcconfig; name = "Pods-Bridge.release.xcconfig"; path = "Pods/Target Support Files/Pods-Bridge/Pods-Bridge.release.xcconfig"; sourceTree = "<group>"; };
		79538F18BEB90F37B74FB521 /* Pods-Bridge.debug.xcconfig */ = {isa = PBXFileReference; includeInIndex = 1; lastKnownFileType = text.xcconfig; name = "Pods-Bridge.debug.xcconfig"; path = "Pods/Target Support Files/Pods-Bridge/Pods-Bridge.debug.xcconfig"; sourceTree = "<group>"; };
/* End PBXFileReference section */

/* Begin PBXFrameworksBuildPhase section */
		67BAB9DC1F875EE4008767B7 /* Frameworks */ = {
			isa = PBXFrameworksBuildPhase;
			buildActionMask = 2147483647;
			files = (
				B3AA34A2777749BE0B0E4EB5 /* Pods_Bridge.framework in Frameworks */,
			);
			runOnlyForDeploymentPostprocessing = 0;
		};
/* End PBXFrameworksBuildPhase section */

/* Begin PBXGroup section */
		673AB3C81F87AE6C008BAB48 /* Interface */ = {
			isa = PBXGroup;
			children = (
				67BAB9E61F875EE4008767B7 /* Main.storyboard */,
			);
			name = Interface;
			sourceTree = "<group>";
		};
		673AB3C91F87AE7B008BAB48 /* Controllers */ = {
			isa = PBXGroup;
			children = (
				67E2C05D1F94932900C25566 /* Utilities */,
				67BAB9F41F876210008767B7 /* SplashController.swift */,
				673AB3CA1F87AEC4008BAB48 /* LoginViewController.swift */,
				672E505C1F88D40300AC3D52 /* SignUpViewController.swift */,
				67E2C0601F94989600C25566 /* ProfileViewController.swift */,
			);
			name = Controllers;
			sourceTree = "<group>";
		};
		67BAB9D61F875EE4008767B7 = {
			isa = PBXGroup;
			children = (
				67BAB9E11F875EE4008767B7 /* Bridge */,
				67BAB9E01F875EE4008767B7 /* Products */,
				CA022B645B5D9E6C0ACAB11C /* Pods */,
				83A3E4CD7DA9D3C450F28CEA /* Frameworks */,
			);
			sourceTree = "<group>";
		};
		67BAB9E01F875EE4008767B7 /* Products */ = {
			isa = PBXGroup;
			children = (
				67BAB9DF1F875EE4008767B7 /* Bridge.app */,
			);
			name = Products;
			sourceTree = "<group>";
		};
		67BAB9E11F875EE4008767B7 /* Bridge */ = {
			isa = PBXGroup;
			children = (
				673AB3C91F87AE7B008BAB48 /* Controllers */,
				673AB3C81F87AE6C008BAB48 /* Interface */,
				67BAB9E21F875EE4008767B7 /* AppDelegate.swift */,
				67BAB9E41F875EE4008767B7 /* ViewController.swift */,
				67BAB9E91F875EE4008767B7 /* Assets.xcassets */,
				67BAB9EB1F875EE4008767B7 /* LaunchScreen.storyboard */,
				67BAB9EE1F875EE4008767B7 /* Info.plist */,
				678F30A81F88D955002F3CA3 /* GoogleService-Info.plist */,
				36314D401F9F72A400C91A57 /* testVC.swift */,
				36314D421F9F73FA00C91A57 /* TestTVCell.swift */,
				36314D441F9F78C100C91A57 /* Test1TVC.swift */,
				36314D461F9F78D200C91A57 /* test1VC.swift */,
			);
			path = Bridge;
			sourceTree = "<group>";
		};
		67E2C05D1F94932900C25566 /* Utilities */ = {
			isa = PBXGroup;
			children = (
				67E2C05E1F94934000C25566 /* Functions.swift */,
				67BEEBE81F94D34B00EBAEA6 /* Constants.swift */,
			);
			name = Utilities;
			sourceTree = "<group>";
		};
		83A3E4CD7DA9D3C450F28CEA /* Frameworks */ = {
			isa = PBXGroup;
			children = (
				3247C7D6F9474E390DA6AFDA /* Pods_Bridge.framework */,
			);
			name = Frameworks;
			sourceTree = "<group>";
		};
		CA022B645B5D9E6C0ACAB11C /* Pods */ = {
			isa = PBXGroup;
			children = (
				79538F18BEB90F37B74FB521 /* Pods-Bridge.debug.xcconfig */,
				6ED01773D79A70A22CD68887 /* Pods-Bridge.release.xcconfig */,
			);
			name = Pods;
			sourceTree = "<group>";
		};
/* End PBXGroup section */

/* Begin PBXNativeTarget section */
		67BAB9DE1F875EE4008767B7 /* Bridge */ = {
			isa = PBXNativeTarget;
			buildConfigurationList = 67BAB9F11F875EE4008767B7 /* Build configuration list for PBXNativeTarget "Bridge" */;
			buildPhases = (
				88AE5718BF7F216B436CB304 /* [CP] Check Pods Manifest.lock */,
				67BAB9DB1F875EE4008767B7 /* Sources */,
				67BAB9DC1F875EE4008767B7 /* Frameworks */,
				67BAB9DD1F875EE4008767B7 /* Resources */,
				00BE73E5793FC559D65E88C8 /* [CP] Embed Pods Frameworks */,
				01FEF8F1E921646BF886B79E /* [CP] Copy Pods Resources */,
			);
			buildRules = (
			);
			dependencies = (
			);
			name = Bridge;
			productName = Bridge;
			productReference = 67BAB9DF1F875EE4008767B7 /* Bridge.app */;
			productType = "com.apple.product-type.application";
		};
/* End PBXNativeTarget section */

/* Begin PBXProject section */
		67BAB9D71F875EE4008767B7 /* Project object */ = {
			isa = PBXProject;
			attributes = {
				LastSwiftUpdateCheck = 0830;
				LastUpgradeCheck = 0830;
				ORGANIZATIONNAME = TechEase;
				TargetAttributes = {
					67BAB9DE1F875EE4008767B7 = {
						CreatedOnToolsVersion = 8.3.3;
						DevelopmentTeam = GCDJ2647RH;
						ProvisioningStyle = Automatic;
					};
				};
			};
			buildConfigurationList = 67BAB9DA1F875EE4008767B7 /* Build configuration list for PBXProject "Bridge" */;
			compatibilityVersion = "Xcode 3.2";
			developmentRegion = English;
			hasScannedForEncodings = 0;
			knownRegions = (
				en,
				Base,
			);
			mainGroup = 67BAB9D61F875EE4008767B7;
			productRefGroup = 67BAB9E01F875EE4008767B7 /* Products */;
			projectDirPath = "";
			projectRoot = "";
			targets = (
				67BAB9DE1F875EE4008767B7 /* Bridge */,
			);
		};
/* End PBXProject section */

/* Begin PBXResourcesBuildPhase section */
		67BAB9DD1F875EE4008767B7 /* Resources */ = {
			isa = PBXResourcesBuildPhase;
			buildActionMask = 2147483647;
			files = (
				678F30A91F88D955002F3CA3 /* GoogleService-Info.plist in Resources */,
				67BAB9ED1F875EE4008767B7 /* LaunchScreen.storyboard in Resources */,
				67BAB9EA1F875EE4008767B7 /* Assets.xcassets in Resources */,
				67BAB9E81F875EE4008767B7 /* Main.storyboard in Resources */,
			);
			runOnlyForDeploymentPostprocessing = 0;
		};
/* End PBXResourcesBuildPhase section */

/* Begin PBXShellScriptBuildPhase section */
		00BE73E5793FC559D65E88C8 /* [CP] Embed Pods Frameworks */ = {
			isa = PBXShellScriptBuildPhase;
			buildActionMask = 2147483647;
			files = (
			);
			inputPaths = (
				"${SRCROOT}/Pods/Target Support Files/Pods-Bridge/Pods-Bridge-frameworks.sh",
				"${BUILT_PRODUCTS_DIR}/Bolts/Bolts.framework",
				"${BUILT_PRODUCTS_DIR}/FBSDKCoreKit/FBSDKCoreKit.framework",
				"${BUILT_PRODUCTS_DIR}/FBSDKLoginKit/FBSDKLoginKit.framework",
				"${BUILT_PRODUCTS_DIR}/GTMOAuth2/GTMOAuth2.framework",
				"${BUILT_PRODUCTS_DIR}/GTMSessionFetcher/GTMSessionFetcher.framework",
				"${BUILT_PRODUCTS_DIR}/GoogleToolboxForMac/GoogleToolboxForMac.framework",
				"${BUILT_PRODUCTS_DIR}/Protobuf/Protobuf.framework",
				"${BUILT_PRODUCTS_DIR}/SDWebImage/SDWebImage.framework",
				"${BUILT_PRODUCTS_DIR}/leveldb-library/leveldb.framework",
				"${BUILT_PRODUCTS_DIR}/nanopb/nanopb.framework",
			);
			name = "[CP] Embed Pods Frameworks";
			outputPaths = (
				"${TARGET_BUILD_DIR}/${FRAMEWORKS_FOLDER_PATH}/Bolts.framework",
				"${TARGET_BUILD_DIR}/${FRAMEWORKS_FOLDER_PATH}/FBSDKCoreKit.framework",
				"${TARGET_BUILD_DIR}/${FRAMEWORKS_FOLDER_PATH}/FBSDKLoginKit.framework",
				"${TARGET_BUILD_DIR}/${FRAMEWORKS_FOLDER_PATH}/GTMOAuth2.framework",
				"${TARGET_BUILD_DIR}/${FRAMEWORKS_FOLDER_PATH}/GTMSessionFetcher.framework",
				"${TARGET_BUILD_DIR}/${FRAMEWORKS_FOLDER_PATH}/GoogleToolboxForMac.framework",
				"${TARGET_BUILD_DIR}/${FRAMEWORKS_FOLDER_PATH}/Protobuf.framework",
				"${TARGET_BUILD_DIR}/${FRAMEWORKS_FOLDER_PATH}/SDWebImage.framework",
				"${TARGET_BUILD_DIR}/${FRAMEWORKS_FOLDER_PATH}/leveldb.framework",
				"${TARGET_BUILD_DIR}/${FRAMEWORKS_FOLDER_PATH}/nanopb.framework",
			);
			runOnlyForDeploymentPostprocessing = 0;
			shellPath = /bin/sh;
			shellScript = "\"${SRCROOT}/Pods/Target Support Files/Pods-Bridge/Pods-Bridge-frameworks.sh\"\n";
			showEnvVarsInLog = 0;
		};
		01FEF8F1E921646BF886B79E /* [CP] Copy Pods Resources */ = {
			isa = PBXShellScriptBuildPhase;
			buildActionMask = 2147483647;
			files = (
			);
			inputPaths = (
				"${SRCROOT}/Pods/Target Support Files/Pods-Bridge/Pods-Bridge-resources.sh",
				$PODS_CONFIGURATION_BUILD_DIR/FirebaseUI/FirebaseAuthUI.bundle,
				$PODS_CONFIGURATION_BUILD_DIR/FirebaseUI/FirebaseFacebookAuthUI.bundle,
				$PODS_CONFIGURATION_BUILD_DIR/FirebaseUI/FirebaseGoogleAuthUI.bundle,
				$PODS_CONFIGURATION_BUILD_DIR/FirebaseUI/FirebasePhoneAuthUI.bundle,
				$PODS_CONFIGURATION_BUILD_DIR/FirebaseUI/FirebaseTwitterAuthUI.bundle,
				"${PODS_ROOT}/GoogleSignIn/Resources/GoogleSignIn.bundle",
				"${PODS_ROOT}/TwitterKit/iOS/TwitterKit.framework/Versions/A/Resources/TwitterKitResources.bundle",
			);
			name = "[CP] Copy Pods Resources";
			outputPaths = (
				"${TARGET_BUILD_DIR}/${UNLOCALIZED_RESOURCES_FOLDER_PATH}",
			);
			runOnlyForDeploymentPostprocessing = 0;
			shellPath = /bin/sh;
			shellScript = "\"${SRCROOT}/Pods/Target Support Files/Pods-Bridge/Pods-Bridge-resources.sh\"\n";
			showEnvVarsInLog = 0;
		};
		88AE5718BF7F216B436CB304 /* [CP] Check Pods Manifest.lock */ = {
			isa = PBXShellScriptBuildPhase;
			buildActionMask = 2147483647;
			files = (
			);
			inputPaths = (
				"${PODS_PODFILE_DIR_PATH}/Podfile.lock",
				"${PODS_ROOT}/Manifest.lock",
			);
			name = "[CP] Check Pods Manifest.lock";
			outputPaths = (
				"$(DERIVED_FILE_DIR)/Pods-Bridge-checkManifestLockResult.txt",
			);
			runOnlyForDeploymentPostprocessing = 0;
			shellPath = /bin/sh;
			shellScript = "diff \"${PODS_PODFILE_DIR_PATH}/Podfile.lock\" \"${PODS_ROOT}/Manifest.lock\" > /dev/null\nif [ $? != 0 ] ; then\n    # print error to STDERR\n    echo \"error: The sandbox is not in sync with the Podfile.lock. Run 'pod install' or update your CocoaPods installation.\" >&2\n    exit 1\nfi\n# This output is used by Xcode 'outputs' to avoid re-running this script phase.\necho \"SUCCESS\" > \"${SCRIPT_OUTPUT_FILE_0}\"\n";
			showEnvVarsInLog = 0;
		};
/* End PBXShellScriptBuildPhase section */

/* Begin PBXSourcesBuildPhase section */
		67BAB9DB1F875EE4008767B7 /* Sources */ = {
			isa = PBXSourcesBuildPhase;
			buildActionMask = 2147483647;
			files = (
				67E2C05F1F94934000C25566 /* Functions.swift in Sources */,
				673AB3CB1F87AEC4008BAB48 /* LoginViewController.swift in Sources */,
				36314D411F9F72A400C91A57 /* testVC.swift in Sources */,
				67BAB9E51F875EE4008767B7 /* ViewController.swift in Sources */,
				67BAB9E31F875EE4008767B7 /* AppDelegate.swift in Sources */,
				67BAB9F51F876210008767B7 /* SplashController.swift in Sources */,
				36314D471F9F78D200C91A57 /* test1VC.swift in Sources */,
				67E2C0611F94989600C25566 /* ProfileViewController.swift in Sources */,
				672E505D1F88D40300AC3D52 /* SignUpViewController.swift in Sources */,
				67BEEBE91F94D34B00EBAEA6 /* Constants.swift in Sources */,
				36314D431F9F73FA00C91A57 /* TestTVCell.swift in Sources */,
				36314D451F9F78C100C91A57 /* Test1TVC.swift in Sources */,
			);
			runOnlyForDeploymentPostprocessing = 0;
		};
/* End PBXSourcesBuildPhase section */

/* Begin PBXVariantGroup section */
		67BAB9E61F875EE4008767B7 /* Main.storyboard */ = {
			isa = PBXVariantGroup;
			children = (
				67BAB9E71F875EE4008767B7 /* Base */,
			);
			name = Main.storyboard;
			sourceTree = "<group>";
		};
		67BAB9EB1F875EE4008767B7 /* LaunchScreen.storyboard */ = {
			isa = PBXVariantGroup;
			children = (
				67BAB9EC1F875EE4008767B7 /* Base */,
			);
			name = LaunchScreen.storyboard;
			sourceTree = "<group>";
		};
/* End PBXVariantGroup section */

/* Begin XCBuildConfiguration section */
		67BAB9EF1F875EE4008767B7 /* Debug */ = {
			isa = XCBuildConfiguration;
			buildSettings = {
				ALWAYS_SEARCH_USER_PATHS = NO;
				CLANG_ANALYZER_NONNULL = YES;
				CLANG_ANALYZER_NUMBER_OBJECT_CONVERSION = YES_AGGRESSIVE;
				CLANG_CXX_LANGUAGE_STANDARD = "gnu++0x";
				CLANG_CXX_LIBRARY = "libc++";
				CLANG_ENABLE_MODULES = YES;
				CLANG_ENABLE_OBJC_ARC = YES;
				CLANG_WARN_BOOL_CONVERSION = YES;
				CLANG_WARN_CONSTANT_CONVERSION = YES;
				CLANG_WARN_DIRECT_OBJC_ISA_USAGE = YES_ERROR;
				CLANG_WARN_DOCUMENTATION_COMMENTS = YES;
				CLANG_WARN_EMPTY_BODY = YES;
				CLANG_WARN_ENUM_CONVERSION = YES;
				CLANG_WARN_INFINITE_RECURSION = YES;
				CLANG_WARN_INT_CONVERSION = YES;
				CLANG_WARN_OBJC_ROOT_CLASS = YES_ERROR;
				CLANG_WARN_SUSPICIOUS_MOVE = YES;
				CLANG_WARN_UNREACHABLE_CODE = YES;
				CLANG_WARN__DUPLICATE_METHOD_MATCH = YES;
				"CODE_SIGN_IDENTITY[sdk=iphoneos*]" = "iPhone Developer";
				COPY_PHASE_STRIP = NO;
				DEBUG_INFORMATION_FORMAT = dwarf;
				ENABLE_STRICT_OBJC_MSGSEND = YES;
				ENABLE_TESTABILITY = YES;
				GCC_C_LANGUAGE_STANDARD = gnu99;
				GCC_DYNAMIC_NO_PIC = NO;
				GCC_NO_COMMON_BLOCKS = YES;
				GCC_OPTIMIZATION_LEVEL = 0;
				GCC_PREPROCESSOR_DEFINITIONS = (
					"DEBUG=1",
					"$(inherited)",
				);
				GCC_WARN_64_TO_32_BIT_CONVERSION = YES;
				GCC_WARN_ABOUT_RETURN_TYPE = YES_ERROR;
				GCC_WARN_UNDECLARED_SELECTOR = YES;
				GCC_WARN_UNINITIALIZED_AUTOS = YES_AGGRESSIVE;
				GCC_WARN_UNUSED_FUNCTION = YES;
				GCC_WARN_UNUSED_VARIABLE = YES;
				IPHONEOS_DEPLOYMENT_TARGET = 10.3;
				MTL_ENABLE_DEBUG_INFO = YES;
				ONLY_ACTIVE_ARCH = YES;
				SDKROOT = iphoneos;
				SWIFT_ACTIVE_COMPILATION_CONDITIONS = DEBUG;
				SWIFT_OPTIMIZATION_LEVEL = "-Onone";
			};
			name = Debug;
		};
		67BAB9F01F875EE4008767B7 /* Release */ = {
			isa = XCBuildConfiguration;
			buildSettings = {
				ALWAYS_SEARCH_USER_PATHS = NO;
				CLANG_ANALYZER_NONNULL = YES;
				CLANG_ANALYZER_NUMBER_OBJECT_CONVERSION = YES_AGGRESSIVE;
				CLANG_CXX_LANGUAGE_STANDARD = "gnu++0x";
				CLANG_CXX_LIBRARY = "libc++";
				CLANG_ENABLE_MODULES = YES;
				CLANG_ENABLE_OBJC_ARC = YES;
				CLANG_WARN_BOOL_CONVERSION = YES;
				CLANG_WARN_CONSTANT_CONVERSION = YES;
				CLANG_WARN_DIRECT_OBJC_ISA_USAGE = YES_ERROR;
				CLANG_WARN_DOCUMENTATION_COMMENTS = YES;
				CLANG_WARN_EMPTY_BODY = YES;
				CLANG_WARN_ENUM_CONVERSION = YES;
				CLANG_WARN_INFINITE_RECURSION = YES;
				CLANG_WARN_INT_CONVERSION = YES;
				CLANG_WARN_OBJC_ROOT_CLASS = YES_ERROR;
				CLANG_WARN_SUSPICIOUS_MOVE = YES;
				CLANG_WARN_UNREACHABLE_CODE = YES;
				CLANG_WARN__DUPLICATE_METHOD_MATCH = YES;
				"CODE_SIGN_IDENTITY[sdk=iphoneos*]" = "iPhone Developer";
				COPY_PHASE_STRIP = NO;
				DEBUG_INFORMATION_FORMAT = "dwarf-with-dsym";
				ENABLE_NS_ASSERTIONS = NO;
				ENABLE_STRICT_OBJC_MSGSEND = YES;
				GCC_C_LANGUAGE_STANDARD = gnu99;
				GCC_NO_COMMON_BLOCKS = YES;
				GCC_WARN_64_TO_32_BIT_CONVERSION = YES;
				GCC_WARN_ABOUT_RETURN_TYPE = YES_ERROR;
				GCC_WARN_UNDECLARED_SELECTOR = YES;
				GCC_WARN_UNINITIALIZED_AUTOS = YES_AGGRESSIVE;
				GCC_WARN_UNUSED_FUNCTION = YES;
				GCC_WARN_UNUSED_VARIABLE = YES;
				IPHONEOS_DEPLOYMENT_TARGET = 10.3;
				MTL_ENABLE_DEBUG_INFO = NO;
				SDKROOT = iphoneos;
				SWIFT_OPTIMIZATION_LEVEL = "-Owholemodule";
				VALIDATE_PRODUCT = YES;
			};
			name = Release;
		};
		67BAB9F21F875EE4008767B7 /* Debug */ = {
			isa = XCBuildConfiguration;
			baseConfigurationReference = 79538F18BEB90F37B74FB521 /* Pods-Bridge.debug.xcconfig */;
			buildSettings = {
				ASSETCATALOG_COMPILER_APPICON_NAME = AppIcon;
				DEVELOPMENT_TEAM = GCDJ2647RH;
				INFOPLIST_FILE = Bridge/Info.plist;
				LD_RUNPATH_SEARCH_PATHS = "$(inherited) @executable_path/Frameworks";
				PRODUCT_BUNDLE_IDENTIFIER = com.techease.Bridge;
				PRODUCT_NAME = "$(TARGET_NAME)";
				SWIFT_VERSION = 3.0;
			};
			name = Debug;
		};
		67BAB9F31F875EE4008767B7 /* Release */ = {
			isa = XCBuildConfiguration;
			baseConfigurationReference = 6ED01773D79A70A22CD68887 /* Pods-Bridge.release.xcconfig */;
			buildSettings = {
				ASSETCATALOG_COMPILER_APPICON_NAME = AppIcon;
				DEVELOPMENT_TEAM = GCDJ2647RH;
				INFOPLIST_FILE = Bridge/Info.plist;
				LD_RUNPATH_SEARCH_PATHS = "$(inherited) @executable_path/Frameworks";
				PRODUCT_BUNDLE_IDENTIFIER = com.techease.Bridge;
				PRODUCT_NAME = "$(TARGET_NAME)";
				SWIFT_VERSION = 3.0;
			};
			name = Release;
		};
/* End XCBuildConfiguration section */

/* Begin XCConfigurationList section */
		67BAB9DA1F875EE4008767B7 /* Build configuration list for PBXProject "Bridge" */ = {
			isa = XCConfigurationList;
			buildConfigurations = (
				67BAB9EF1F875EE4008767B7 /* Debug */,
				67BAB9F01F875EE4008767B7 /* Release */,
			);
			defaultConfigurationIsVisible = 0;
			defaultConfigurationName = Release;
		};
		67BAB9F11F875EE4008767B7 /* Build configuration list for PBXNativeTarget "Bridge" */ = {
			isa = XCConfigurationList;
			buildConfigurations = (
				67BAB9F21F875EE4008767B7 /* Debug */,
				67BAB9F31F875EE4008767B7 /* Release */,
			);
			defaultConfigurationIsVisible = 0;
			defaultConfigurationName = Release;
		};
/* End XCConfigurationList section */
	};
	rootObject = 67BAB9D71F875EE4008767B7 /* Project object */;
}
